
Microsoft Visual Studio Solution File, Format Version 12.00
# Visual Studio Version 16
VisualStudioVersion = 16.0.30503.244
MinimumVisualStudioVersion = 10.0.40219.1
Project("{FAE04EC0-301F-11D3-BF4B-00C04F79EFBC}") = "InsumosMedicos", "InsumosMedicos.csproj", "{22879014-37AA-4642-8CC9-08A2D6021D96}"
EndProject
Project("{54435603-DBB4-11D2-8724-00A0C9A8B90C}") = "InsumosDB", "..\InsumosDB\InsumosDB.vdproj", "{D5E1BE86-2DA8-4FEF-8CDD-E55D2EEEA30D}"
EndProject
Global
	GlobalSection(SolutionConfigurationPlatforms) = preSolution
		Debug|Any CPU = Debug|Any CPU
		Release|Any CPU = Release|Any CPU
	EndGlobalSection
	GlobalSection(ProjectConfigurationPlatforms) = postSolution
		{22879014-37AA-4642-8CC9-08A2D6021D96}.Debug|Any CPU.ActiveCfg = Debug|Any CPU
		{22879014-37AA-4642-8CC9-08A2D6021D96}.Debug|Any CPU.Build.0 = Debug|Any CPU
		{22879014-37AA-4642-8CC9-08A2D6021D96}.Release|Any CPU.ActiveCfg = Release|Any CPU
		{22879014-37AA-4642-8CC9-08A2D6021D96}.Release|Any CPU.Build.0 = Release|Any CPU
		{D5E1BE86-2DA8-4FEF-8CDD-E55D2EEEA30D}.Debug|Any CPU.ActiveCfg = Debug
		{D5E1BE86-2DA8-4FEF-8CDD-E55D2EEEA30D}.Release|Any CPU.ActiveCfg = Release
	EndGlobalSection
	GlobalSection(SolutionProperties) = preSolution
		HideSolutionNode = FALSE
	EndGlobalSection
	GlobalSection(ExtensibilityGlobals) = postSolution
		SolutionGuid = {960CEA6F-C962-4ECF-B090-4B2FE9C4980C}
	EndGlobalSection
EndGlobal
